// !$*UTF8*$!
{
	archiveVersion = 1;
	classes = {
	};
	objectVersion = 56;
	objects = {

/* Begin PBXBuildFile section */
		6E18117A2A5FEE26007B2A39 /* AppDelegate.swift in Sources */ = {isa = PBXBuildFile; fileRef = 6E1811792A5FEE26007B2A39 /* AppDelegate.swift */; };
		6E18117C2A5FEE26007B2A39 /* SceneDelegate.swift in Sources */ = {isa = PBXBuildFile; fileRef = 6E18117B2A5FEE26007B2A39 /* SceneDelegate.swift */; };
		6E18117E2A5FEE26007B2A39 /* OnboardingViewController.swift in Sources */ = {isa = PBXBuildFile; fileRef = 6E18117D2A5FEE26007B2A39 /* OnboardingViewController.swift */; };
		6E1811812A5FEE26007B2A39 /* Main.storyboard in Resources */ = {isa = PBXBuildFile; fileRef = 6E18117F2A5FEE26007B2A39 /* Main.storyboard */; };
		6E1811832A5FEE27007B2A39 /* Assets.xcassets in Resources */ = {isa = PBXBuildFile; fileRef = 6E1811822A5FEE27007B2A39 /* Assets.xcassets */; };
		6E1811862A5FEE27007B2A39 /* LaunchScreen.storyboard in Resources */ = {isa = PBXBuildFile; fileRef = 6E1811842A5FEE27007B2A39 /* LaunchScreen.storyboard */; };
		6E1811912A5FEE28007B2A39 /* RotaAnkaraAppTests.swift in Sources */ = {isa = PBXBuildFile; fileRef = 6E1811902A5FEE28007B2A39 /* RotaAnkaraAppTests.swift */; };
		6E18119B2A5FEE28007B2A39 /* RotaAnkaraAppUITests.swift in Sources */ = {isa = PBXBuildFile; fileRef = 6E18119A2A5FEE28007B2A39 /* RotaAnkaraAppUITests.swift */; };
		6E18119D2A5FEE28007B2A39 /* RotaAnkaraAppUITestsLaunchTests.swift in Sources */ = {isa = PBXBuildFile; fileRef = 6E18119C2A5FEE28007B2A39 /* RotaAnkaraAppUITestsLaunchTests.swift */; };
/* End PBXBuildFile section */

/* Begin PBXContainerItemProxy section */
		6E18118D2A5FEE28007B2A39 /* PBXContainerItemProxy */ = {
			isa = PBXContainerItemProxy;
			containerPortal = 6E18116E2A5FEE26007B2A39 /* Project object */;
			proxyType = 1;
			remoteGlobalIDString = 6E1811752A5FEE26007B2A39;
			remoteInfo = RotaAnkaraApp;
		};
		6E1811972A5FEE28007B2A39 /* PBXContainerItemProxy */ = {
			isa = PBXContainerItemProxy;
			containerPortal = 6E18116E2A5FEE26007B2A39 /* Project object */;
			proxyType = 1;
			remoteGlobalIDString = 6E1811752A5FEE26007B2A39;
			remoteInfo = RotaAnkaraApp;
		};
/* End PBXContainerItemProxy section */

/* Begin PBXFileReference section */
		6E1811762A5FEE26007B2A39 /* RotaAnkaraApp.app */ = {isa = PBXFileReference; explicitFileType = wrapper.application; includeInIndex = 0; path = RotaAnkaraApp.app; sourceTree = BUILT_PRODUCTS_DIR; };
		6E1811792A5FEE26007B2A39 /* AppDelegate.swift */ = {isa = PBXFileReference; lastKnownFileType = sourcecode.swift; path = AppDelegate.swift; sourceTree = "<group>"; };
		6E18117B2A5FEE26007B2A39 /* SceneDelegate.swift */ = {isa = PBXFileReference; lastKnownFileType = sourcecode.swift; path = SceneDelegate.swift; sourceTree = "<group>"; };
		6E18117D2A5FEE26007B2A39 /* OnboardingViewController.swift */ = {isa = PBXFileReference; lastKnownFileType = sourcecode.swift; path = OnboardingViewController.swift; sourceTree = "<group>"; };
		6E1811802A5FEE26007B2A39 /* Base */ = {isa = PBXFileReference; lastKnownFileType = file.storyboard; name = Base; path = Base.lproj/Main.storyboard; sourceTree = "<group>"; };
		6E1811822A5FEE27007B2A39 /* Assets.xcassets */ = {isa = PBXFileReference; lastKnownFileType = folder.assetcatalog; path = Assets.xcassets; sourceTree = "<group>"; };
		6E1811852A5FEE27007B2A39 /* Base */ = {isa = PBXFileReference; lastKnownFileType = file.storyboard; name = Base; path = Base.lproj/LaunchScreen.storyboard; sourceTree = "<group>"; };
		6E1811872A5FEE27007B2A39 /* Info.plist */ = {isa = PBXFileReference; lastKnownFileType = text.plist.xml; path = Info.plist; sourceTree = "<group>"; };
		6E18118C2A5FEE28007B2A39 /* RotaAnkaraAppTests.xctest */ = {isa = PBXFileReference; explicitFileType = wrapper.cfbundle; includeInIndex = 0; path = RotaAnkaraAppTests.xctest; sourceTree = BUILT_PRODUCTS_DIR; };
		6E1811902A5FEE28007B2A39 /* RotaAnkaraAppTests.swift */ = {isa = PBXFileReference; lastKnownFileType = sourcecode.swift; path = RotaAnkaraAppTests.swift; sourceTree = "<group>"; };
		6E1811962A5FEE28007B2A39 /* RotaAnkaraAppUITests.xctest */ = {isa = PBXFileReference; explicitFileType = wrapper.cfbundle; includeInIndex = 0; path = RotaAnkaraAppUITests.xctest; sourceTree = BUILT_PRODUCTS_DIR; };
		6E18119A2A5FEE28007B2A39 /* RotaAnkaraAppUITests.swift */ = {isa = PBXFileReference; lastKnownFileType = sourcecode.swift; path = RotaAnkaraAppUITests.swift; sourceTree = "<group>"; };
		6E18119C2A5FEE28007B2A39 /* RotaAnkaraAppUITestsLaunchTests.swift */ = {isa = PBXFileReference; lastKnownFileType = sourcecode.swift; path = RotaAnkaraAppUITestsLaunchTests.swift; sourceTree = "<group>"; };
/* End PBXFileReference section */

/* Begin PBXFrameworksBuildPhase section */
		6E1811732A5FEE26007B2A39 /* Frameworks */ = {
			isa = PBXFrameworksBuildPhase;
			buildActionMask = 2147483647;
			files = (
			);
			runOnlyForDeploymentPostprocessing = 0;
		};
		6E1811892A5FEE28007B2A39 /* Frameworks */ = {
			isa = PBXFrameworksBuildPhase;
			buildActionMask = 2147483647;
			files = (
			);
			runOnlyForDeploymentPostprocessing = 0;
		};
		6E1811932A5FEE28007B2A39 /* Frameworks */ = {
			isa = PBXFrameworksBuildPhase;
			buildActionMask = 2147483647;
			files = (
			);
			runOnlyForDeploymentPostprocessing = 0;
		};
/* End PBXFrameworksBuildPhase section */

/* Begin PBXGroup section */
		6E03E7BC2A6010E9008BE723 /* Controllers */ = {
			isa = PBXGroup;
			children = (
				6E18117D2A5FEE26007B2A39 /* OnboardingViewController.swift */,
			);
			path = Controllers;
			sourceTree = "<group>";
		};
		6E03E7BE2A601110008BE723 /* Models */ = {
			isa = PBXGroup;
			children = (
			);
			path = Models;
			sourceTree = "<group>";
		};
		6E03E7BF2A601204008BE723 /* ViewModels */ = {
			isa = PBXGroup;
			children = (
			);
			path = ViewModels;
			sourceTree = "<group>";
		};
		6E03E7C02A601240008BE723 /* Views */ = {
			isa = PBXGroup;
			children = (
				6E18117F2A5FEE26007B2A39 /* Main.storyboard */,
				6E1811842A5FEE27007B2A39 /* LaunchScreen.storyboard */,
			);
			path = Views;
			sourceTree = "<group>";
		};
		6E18116D2A5FEE26007B2A39 = {
			isa = PBXGroup;
			children = (
				6E1811782A5FEE26007B2A39 /* RotaAnkaraApp */,
				6E18118F2A5FEE28007B2A39 /* RotaAnkaraAppTests */,
				6E1811992A5FEE28007B2A39 /* RotaAnkaraAppUITests */,
				6E1811772A5FEE26007B2A39 /* Products */,
			);
			sourceTree = "<group>";
		};
		6E1811772A5FEE26007B2A39 /* Products */ = {
			isa = PBXGroup;
			children = (
				6E1811762A5FEE26007B2A39 /* RotaAnkaraApp.app */,
				6E18118C2A5FEE28007B2A39 /* RotaAnkaraAppTests.xctest */,
				6E1811962A5FEE28007B2A39 /* RotaAnkaraAppUITests.xctest */,
			);
			name = Products;
			sourceTree = "<group>";
		};
		6E1811782A5FEE26007B2A39 /* RotaAnkaraApp */ = {
			isa = PBXGroup;
			children = (
				6E1811792A5FEE26007B2A39 /* AppDelegate.swift */,
				6E18117B2A5FEE26007B2A39 /* SceneDelegate.swift */,
				6E03E7BE2A601110008BE723 /* Models */,
				6E03E7BF2A601204008BE723 /* ViewModels */,
				6E03E7BC2A6010E9008BE723 /* Controllers */,
				6E03E7C02A601240008BE723 /* Views */,
				6E1811822A5FEE27007B2A39 /* Assets.xcassets */,
				6E1811872A5FEE27007B2A39 /* Info.plist */,
			);
			path = RotaAnkaraApp;
			sourceTree = "<group>";
		};
		6E18118F2A5FEE28007B2A39 /* RotaAnkaraAppTests */ = {
			isa = PBXGroup;
			children = (
				6E1811902A5FEE28007B2A39 /* RotaAnkaraAppTests.swift */,
			);
			path = RotaAnkaraAppTests;
			sourceTree = "<group>";
		};
		6E1811992A5FEE28007B2A39 /* RotaAnkaraAppUITests */ = {
			isa = PBXGroup;
			children = (
				6E18119A2A5FEE28007B2A39 /* RotaAnkaraAppUITests.swift */,
				6E18119C2A5FEE28007B2A39 /* RotaAnkaraAppUITestsLaunchTests.swift */,
			);
			path = RotaAnkaraAppUITests;
			sourceTree = "<group>";
		};
/* End PBXGroup section */

/* Begin PBXNativeTarget section */
		6E1811752A5FEE26007B2A39 /* RotaAnkaraApp */ = {
			isa = PBXNativeTarget;
			buildConfigurationList = 6E1811A02A5FEE28007B2A39 /* Build configuration list for PBXNativeTarget "RotaAnkaraApp" */;
			buildPhases = (
				6E1811722A5FEE26007B2A39 /* Sources */,
				6E1811732A5FEE26007B2A39 /* Frameworks */,
				6E1811742A5FEE26007B2A39 /* Resources */,
			);
			buildRules = (
			);
			dependencies = (
			);
			name = RotaAnkaraApp;
			productName = RotaAnkaraApp;
			productReference = 6E1811762A5FEE26007B2A39 /* RotaAnkaraApp.app */;
			productType = "com.apple.product-type.application";
		};
		6E18118B2A5FEE28007B2A39 /* RotaAnkaraAppTests */ = {
			isa = PBXNativeTarget;
			buildConfigurationList = 6E1811A32A5FEE28007B2A39 /* Build configuration list for PBXNativeTarget "RotaAnkaraAppTests" */;
			buildPhases = (
				6E1811882A5FEE28007B2A39 /* Sources */,
				6E1811892A5FEE28007B2A39 /* Frameworks */,
				6E18118A2A5FEE28007B2A39 /* Resources */,
			);
			buildRules = (
			);
			dependencies = (
				6E18118E2A5FEE28007B2A39 /* PBXTargetDependency */,
			);
			name = RotaAnkaraAppTests;
			productName = RotaAnkaraAppTests;
			productReference = 6E18118C2A5FEE28007B2A39 /* RotaAnkaraAppTests.xctest */;
			productType = "com.apple.product-type.bundle.unit-test";
		};
		6E1811952A5FEE28007B2A39 /* RotaAnkaraAppUITests */ = {
			isa = PBXNativeTarget;
			buildConfigurationList = 6E1811A62A5FEE28007B2A39 /* Build configuration list for PBXNativeTarget "RotaAnkaraAppUITests" */;
			buildPhases = (
				6E1811922A5FEE28007B2A39 /* Sources */,
				6E1811932A5FEE28007B2A39 /* Frameworks */,
				6E1811942A5FEE28007B2A39 /* Resources */,
			);
			buildRules = (
			);
			dependencies = (
				6E1811982A5FEE28007B2A39 /* PBXTargetDependency */,
			);
			name = RotaAnkaraAppUITests;
			productName = RotaAnkaraAppUITests;
			productReference = 6E1811962A5FEE28007B2A39 /* RotaAnkaraAppUITests.xctest */;
			productType = "com.apple.product-type.bundle.ui-testing";
		};
/* End PBXNativeTarget section */

/* Begin PBXProject section */
		6E18116E2A5FEE26007B2A39 /* Project object */ = {
			isa = PBXProject;
			attributes = {
				BuildIndependentTargetsInParallel = 1;
				LastSwiftUpdateCheck = 1430;
				LastUpgradeCheck = 1430;
				TargetAttributes = {
					6E1811752A5FEE26007B2A39 = {
						CreatedOnToolsVersion = 14.3.1;
					};
					6E18118B2A5FEE28007B2A39 = {
						CreatedOnToolsVersion = 14.3.1;
						TestTargetID = 6E1811752A5FEE26007B2A39;
					};
					6E1811952A5FEE28007B2A39 = {
						CreatedOnToolsVersion = 14.3.1;
						TestTargetID = 6E1811752A5FEE26007B2A39;
					};
				};
			};
			buildConfigurationList = 6E1811712A5FEE26007B2A39 /* Build configuration list for PBXProject "RotaAnkaraApp" */;
			compatibilityVersion = "Xcode 14.0";
			developmentRegion = en;
			hasScannedForEncodings = 0;
			knownRegions = (
				en,
				Base,
			);
			mainGroup = 6E18116D2A5FEE26007B2A39;
			productRefGroup = 6E1811772A5FEE26007B2A39 /* Products */;
			projectDirPath = "";
			projectRoot = "";
			targets = (
				6E1811752A5FEE26007B2A39 /* RotaAnkaraApp */,
				6E18118B2A5FEE28007B2A39 /* RotaAnkaraAppTests */,
				6E1811952A5FEE28007B2A39 /* RotaAnkaraAppUITests */,
			);
		};
/* End PBXProject section */

/* Begin PBXResourcesBuildPhase section */
		6E1811742A5FEE26007B2A39 /* Resources */ = {
			isa = PBXResourcesBuildPhase;
			buildActionMask = 2147483647;
			files = (
				6E1811862A5FEE27007B2A39 /* LaunchScreen.storyboard in Resources */,
				6E1811832A5FEE27007B2A39 /* Assets.xcassets in Resources */,
				6E1811812A5FEE26007B2A39 /* Main.storyboard in Resources */,
			);
			runOnlyForDeploymentPostprocessing = 0;
		};
		6E18118A2A5FEE28007B2A39 /* Resources */ = {
			isa = PBXResourcesBuildPhase;
			buildActionMask = 2147483647;
			files = (
			);
			runOnlyForDeploymentPostprocessing = 0;
		};
		6E1811942A5FEE28007B2A39 /* Resources */ = {
			isa = PBXResourcesBuildPhase;
			buildActionMask = 2147483647;
			files = (
			);
			runOnlyForDeploymentPostprocessing = 0;
		};
/* End PBXResourcesBuildPhase section */

/* Begin PBXSourcesBuildPhase section */
		6E1811722A5FEE26007B2A39 /* Sources */ = {
			isa = PBXSourcesBuildPhase;
			buildActionMask = 2147483647;
			files = (
				6E18117E2A5FEE26007B2A39 /* OnboardingViewController.swift in Sources */,
				6E18117A2A5FEE26007B2A39 /* AppDelegate.swift in Sources */,
				6E18117C2A5FEE26007B2A39 /* SceneDelegate.swift in Sources */,
			);
			runOnlyForDeploymentPostprocessing = 0;
		};
		6E1811882A5FEE28007B2A39 /* Sources */ = {
			isa = PBXSourcesBuildPhase;
			buildActionMask = 2147483647;
			files = (
				6E1811912A5FEE28007B2A39 /* RotaAnkaraAppTests.swift in Sources */,
			);
			runOnlyForDeploymentPostprocessing = 0;
		};
		6E1811922A5FEE28007B2A39 /* Sources */ = {
			isa = PBXSourcesBuildPhase;
			buildActionMask = 2147483647;
			files = (
				6E18119D2A5FEE28007B2A39 /* RotaAnkaraAppUITestsLaunchTests.swift in Sources */,
				6E18119B2A5FEE28007B2A39 /* RotaAnkaraAppUITests.swift in Sources */,
			);
			runOnlyForDeploymentPostprocessing = 0;
		};
/* End PBXSourcesBuildPhase section */

/* Begin PBXTargetDependency section */
		6E18118E2A5FEE28007B2A39 /* PBXTargetDependency */ = {
			isa = PBXTargetDependency;
			target = 6E1811752A5FEE26007B2A39 /* RotaAnkaraApp */;
			targetProxy = 6E18118D2A5FEE28007B2A39 /* PBXContainerItemProxy */;
		};
		6E1811982A5FEE28007B2A39 /* PBXTargetDependency */ = {
			isa = PBXTargetDependency;
			target = 6E1811752A5FEE26007B2A39 /* RotaAnkaraApp */;
			targetProxy = 6E1811972A5FEE28007B2A39 /* PBXContainerItemProxy */;
		};
/* End PBXTargetDependency section */

/* Begin PBXVariantGroup section */
		6E18117F2A5FEE26007B2A39 /* Main.storyboard */ = {
			isa = PBXVariantGroup;
			children = (
				6E1811802A5FEE26007B2A39 /* Base */,
			);
			name = Main.storyboard;
			sourceTree = "<group>";
		};
		6E1811842A5FEE27007B2A39 /* LaunchScreen.storyboard */ = {
			isa = PBXVariantGroup;
			children = (
				6E1811852A5FEE27007B2A39 /* Base */,
			);
			name = LaunchScreen.storyboard;
			sourceTree = "<group>";
		};
/* End PBXVariantGroup section */

/* Begin XCBuildConfiguration section */
		6E18119E2A5FEE28007B2A39 /* Debug */ = {
			isa = XCBuildConfiguration;
			buildSettings = {
				ALWAYS_SEARCH_USER_PATHS = NO;
				CLANG_ANALYZER_NONNULL = YES;
				CLANG_ANALYZER_NUMBER_OBJECT_CONVERSION = YES_AGGRESSIVE;
				CLANG_CXX_LANGUAGE_STANDARD = "gnu++20";
				CLANG_ENABLE_MODULES = YES;
				CLANG_ENABLE_OBJC_ARC = YES;
				CLANG_ENABLE_OBJC_WEAK = YES;
				CLANG_WARN_BLOCK_CAPTURE_AUTORELEASING = YES;
				CLANG_WARN_BOOL_CONVERSION = YES;
				CLANG_WARN_COMMA = YES;
				CLANG_WARN_CONSTANT_CONVERSION = YES;
				CLANG_WARN_DEPRECATED_OBJC_IMPLEMENTATIONS = YES;
				CLANG_WARN_DIRECT_OBJC_ISA_USAGE = YES_ERROR;
				CLANG_WARN_DOCUMENTATION_COMMENTS = YES;
				CLANG_WARN_EMPTY_BODY = YES;
				CLANG_WARN_ENUM_CONVERSION = YES;
				CLANG_WARN_INFINITE_RECURSION = YES;
				CLANG_WARN_INT_CONVERSION = YES;
				CLANG_WARN_NON_LITERAL_NULL_CONVERSION = YES;
				CLANG_WARN_OBJC_IMPLICIT_RETAIN_SELF = YES;
				CLANG_WARN_OBJC_LITERAL_CONVERSION = YES;
				CLANG_WARN_OBJC_ROOT_CLASS = YES_ERROR;
				CLANG_WARN_QUOTED_INCLUDE_IN_FRAMEWORK_HEADER = YES;
				CLANG_WARN_RANGE_LOOP_ANALYSIS = YES;
				CLANG_WARN_STRICT_PROTOTYPES = YES;
				CLANG_WARN_SUSPICIOUS_MOVE = YES;
				CLANG_WARN_UNGUARDED_AVAILABILITY = YES_AGGRESSIVE;
				CLANG_WARN_UNREACHABLE_CODE = YES;
				CLANG_WARN__DUPLICATE_METHOD_MATCH = YES;
				COPY_PHASE_STRIP = NO;
				DEBUG_INFORMATION_FORMAT = dwarf;
				ENABLE_STRICT_OBJC_MSGSEND = YES;
				ENABLE_TESTABILITY = YES;
				GCC_C_LANGUAGE_STANDARD = gnu11;
				GCC_DYNAMIC_NO_PIC = NO;
				GCC_NO_COMMON_BLOCKS = YES;
				GCC_OPTIMIZATION_LEVEL = 0;
				GCC_PREPROCESSOR_DEFINITIONS = (
					"DEBUG=1",
					"$(inherited)",
				);
				GCC_WARN_64_TO_32_BIT_CONVERSION = YES;
				GCC_WARN_ABOUT_RETURN_TYPE = YES_ERROR;
				GCC_WARN_UNDECLARED_SELECTOR = YES;
				GCC_WARN_UNINITIALIZED_AUTOS = YES_AGGRESSIVE;
				GCC_WARN_UNUSED_FUNCTION = YES;
				GCC_WARN_UNUSED_VARIABLE = YES;
				IPHONEOS_DEPLOYMENT_TARGET = 16.4;
				MTL_ENABLE_DEBUG_INFO = INCLUDE_SOURCE;
				MTL_FAST_MATH = YES;
				ONLY_ACTIVE_ARCH = YES;
				SDKROOT = iphoneos;
				SWIFT_ACTIVE_COMPILATION_CONDITIONS = DEBUG;
				SWIFT_OPTIMIZATION_LEVEL = "-Onone";
			};
			name = Debug;
		};
		6E18119F2A5FEE28007B2A39 /* Release */ = {
			isa = XCBuildConfiguration;
			buildSettings = {
				ALWAYS_SEARCH_USER_PATHS = NO;
				CLANG_ANALYZER_NONNULL = YES;
				CLANG_ANALYZER_NUMBER_OBJECT_CONVERSION = YES_AGGRESSIVE;
				CLANG_CXX_LANGUAGE_STANDARD = "gnu++20";
				CLANG_ENABLE_MODULES = YES;
				CLANG_ENABLE_OBJC_ARC = YES;
				CLANG_ENABLE_OBJC_WEAK = YES;
				CLANG_WARN_BLOCK_CAPTURE_AUTORELEASING = YES;
				CLANG_WARN_BOOL_CONVERSION = YES;
				CLANG_WARN_COMMA = YES;
				CLANG_WARN_CONSTANT_CONVERSION = YES;
				CLANG_WARN_DEPRECATED_OBJC_IMPLEMENTATIONS = YES;
				CLANG_WARN_DIRECT_OBJC_ISA_USAGE = YES_ERROR;
				CLANG_WARN_DOCUMENTATION_COMMENTS = YES;
				CLANG_WARN_EMPTY_BODY = YES;
				CLANG_WARN_ENUM_CONVERSION = YES;
				CLANG_WARN_INFINITE_RECURSION = YES;
				CLANG_WARN_INT_CONVERSION = YES;
				CLANG_WARN_NON_LITERAL_NULL_CONVERSION = YES;
				CLANG_WARN_OBJC_IMPLICIT_RETAIN_SELF = YES;
				CLANG_WARN_OBJC_LITERAL_CONVERSION = YES;
				CLANG_WARN_OBJC_ROOT_CLASS = YES_ERROR;
				CLANG_WARN_QUOTED_INCLUDE_IN_FRAMEWORK_HEADER = YES;
				CLANG_WARN_RANGE_LOOP_ANALYSIS = YES;
				CLANG_WARN_STRICT_PROTOTYPES = YES;
				CLANG_WARN_SUSPICIOUS_MOVE = YES;
				CLANG_WARN_UNGUARDED_AVAILABILITY = YES_AGGRESSIVE;
				CLANG_WARN_UNREACHABLE_CODE = YES;
				CLANG_WARN__DUPLICATE_METHOD_MATCH = YES;
				COPY_PHASE_STRIP = NO;
				DEBUG_INFORMATION_FORMAT = "dwarf-with-dsym";
				ENABLE_NS_ASSERTIONS = NO;
				ENABLE_STRICT_OBJC_MSGSEND = YES;
				GCC_C_LANGUAGE_STANDARD = gnu11;
				GCC_NO_COMMON_BLOCKS = YES;
				GCC_WARN_64_TO_32_BIT_CONVERSION = YES;
				GCC_WARN_ABOUT_RETURN_TYPE = YES_ERROR;
				GCC_WARN_UNDECLARED_SELECTOR = YES;
				GCC_WARN_UNINITIALIZED_AUTOS = YES_AGGRESSIVE;
				GCC_WARN_UNUSED_FUNCTION = YES;
				GCC_WARN_UNUSED_VARIABLE = YES;
				IPHONEOS_DEPLOYMENT_TARGET = 16.4;
				MTL_ENABLE_DEBUG_INFO = NO;
				MTL_FAST_MATH = YES;
				SDKROOT = iphoneos;
				SWIFT_COMPILATION_MODE = wholemodule;
				SWIFT_OPTIMIZATION_LEVEL = "-O";
				VALIDATE_PRODUCT = YES;
			};
			name = Release;
		};
		6E1811A12A5FEE28007B2A39 /* Debug */ = {
			isa = XCBuildConfiguration;
			buildSettings = {
				ASSETCATALOG_COMPILER_APPICON_NAME = AppIcon;
				ASSETCATALOG_COMPILER_GLOBAL_ACCENT_COLOR_NAME = AccentColor;
				CODE_SIGN_STYLE = Automatic;
				CURRENT_PROJECT_VERSION = 1;
				GENERATE_INFOPLIST_FILE = YES;
				INFOPLIST_FILE = RotaAnkaraApp/Info.plist;
				INFOPLIST_KEY_UIApplicationSupportsIndirectInputEvents = YES;
				INFOPLIST_KEY_UILaunchStoryboardName = LaunchScreen;
				INFOPLIST_KEY_UIMainStoryboardFile = Main;
				INFOPLIST_KEY_UISupportedInterfaceOrientations_iPad = "UIInterfaceOrientationPortrait UIInterfaceOrientationPortraitUpsideDown UIInterfaceOrientationLandscapeLeft UIInterfaceOrientationLandscapeRight";
				INFOPLIST_KEY_UISupportedInterfaceOrientations_iPhone = "UIInterfaceOrientationPortrait UIInterfaceOrientationLandscapeLeft UIInterfaceOrientationLandscapeRight";
				IPHONEOS_DEPLOYMENT_TARGET = 13.0;
				LD_RUNPATH_SEARCH_PATHS = (
					"$(inherited)",
					"@executable_path/Frameworks",
				);
				MARKETING_VERSION = 1.0;
				PRODUCT_BUNDLE_IDENTIFIER = com.egyazilim.RotaAnkaraApp;
				PRODUCT_NAME = "$(TARGET_NAME)";
				SWIFT_EMIT_LOC_STRINGS = YES;
				SWIFT_VERSION = 5.0;
				TARGETED_DEVICE_FAMILY = "1,2";
			};
			name = Debug;
		};
		6E1811A22A5FEE28007B2A39 /* Release */ = {
			isa = XCBuildConfiguration;
			buildSettings = {
				ASSETCATALOG_COMPILER_APPICON_NAME = AppIcon;
				ASSETCATALOG_COMPILER_GLOBAL_ACCENT_COLOR_NAME = AccentColor;
				CODE_SIGN_STYLE = Automatic;
				CURRENT_PROJECT_VERSION = 1;
				GENERATE_INFOPLIST_FILE = YES;
				INFOPLIST_FILE = RotaAnkaraApp/Info.plist;
				INFOPLIST_KEY_UIApplicationSupportsIndirectInputEvents = YES;
				INFOPLIST_KEY_UILaunchStoryboardName = LaunchScreen;
				INFOPLIST_KEY_UIMainStoryboardFile = Main;
				INFOPLIST_KEY_UISupportedInterfaceOrientations_iPad = "UIInterfaceOrientationPortrait UIInterfaceOrientationPortraitUpsideDown UIInterfaceOrientationLandscapeLeft UIInterfaceOrientationLandscapeRight";
				INFOPLIST_KEY_UISupportedInterfaceOrientations_iPhone = "UIInterfaceOrientationPortrait UIInterfaceOrientationLandscapeLeft UIInterfaceOrientationLandscapeRight";
				IPHONEOS_DEPLOYMENT_TARGET = 13.0;
				LD_RUNPATH_SEARCH_PATHS = (
					"$(inherited)",
					"@executable_path/Frameworks",
				);
				MARKETING_VERSION = 1.0;
				PRODUCT_BUNDLE_IDENTIFIER = com.egyazilim.RotaAnkaraApp;
				PRODUCT_NAME = "$(TARGET_NAME)";
				SWIFT_EMIT_LOC_STRINGS = YES;
				SWIFT_VERSION = 5.0;
				TARGETED_DEVICE_FAMILY = "1,2";
			};
			name = Release;
		};
		6E1811A42A5FEE28007B2A39 /* Debug */ = {
			isa = XCBuildConfiguration;
			buildSettings = {
				ALWAYS_EMBED_SWIFT_STANDARD_LIBRARIES = YES;
				BUNDLE_LOADER = "$(TEST_HOST)";
				CODE_SIGN_STYLE = Automatic;
				CURRENT_PROJECT_VERSION = 1;
				GENERATE_INFOPLIST_FILE = YES;
				IPHONEOS_DEPLOYMENT_TARGET = 16.4;
				MARKETING_VERSION = 1.0;
				PRODUCT_BUNDLE_IDENTIFIER = com.egyazilim.RotaAnkaraAppTests;
				PRODUCT_NAME = "$(TARGET_NAME)";
				SWIFT_EMIT_LOC_STRINGS = NO;
				SWIFT_VERSION = 5.0;
				TARGETED_DEVICE_FAMILY = "1,2";
				TEST_HOST = "$(BUILT_PRODUCTS_DIR)/RotaAnkaraApp.app/$(BUNDLE_EXECUTABLE_FOLDER_PATH)/RotaAnkaraApp";
			};
			name = Debug;
		};
		6E1811A52A5FEE28007B2A39 /* Release */ = {
			isa = XCBuildConfiguration;
			buildSettings = {
				ALWAYS_EMBED_SWIFT_STANDARD_LIBRARIES = YES;
				BUNDLE_LOADER = "$(TEST_HOST)";
				CODE_SIGN_STYLE = Automatic;
				CURRENT_PROJECT_VERSION = 1;
				GENERATE_INFOPLIST_FILE = YES;
				IPHONEOS_DEPLOYMENT_TARGET = 16.4;
				MARKETING_VERSION = 1.0;
				PRODUCT_BUNDLE_IDENTIFIER = com.egyazilim.RotaAnkaraAppTests;
				PRODUCT_NAME = "$(TARGET_NAME)";
				SWIFT_EMIT_LOC_STRINGS = NO;
				SWIFT_VERSION = 5.0;
				TARGETED_DEVICE_FAMILY = "1,2";
				TEST_HOST = "$(BUILT_PRODUCTS_DIR)/RotaAnkaraApp.app/$(BUNDLE_EXECUTABLE_FOLDER_PATH)/RotaAnkaraApp";
			};
			name = Release;
		};
		6E1811A72A5FEE28007B2A39 /* Debug */ = {
			isa = XCBuildConfiguration;
			buildSettings = {
				ALWAYS_EMBED_SWIFT_STANDARD_LIBRARIES = YES;
				CODE_SIGN_STYLE = Automatic;
				CURRENT_PROJECT_VERSION = 1;
				GENERATE_INFOPLIST_FILE = YES;
				MARKETING_VERSION = 1.0;
				PRODUCT_BUNDLE_IDENTIFIER = com.egyazilim.RotaAnkaraAppUITests;
				PRODUCT_NAME = "$(TARGET_NAME)";
				SWIFT_EMIT_LOC_STRINGS = NO;
				SWIFT_VERSION = 5.0;
				TARGETED_DEVICE_FAMILY = "1,2";
				TEST_TARGET_NAME = RotaAnkaraApp;
			};
			name = Debug;
		};
		6E1811A82A5FEE28007B2A39 /* Release */ = {
			isa = XCBuildConfiguration;
			buildSettings = {
				ALWAYS_EMBED_SWIFT_STANDARD_LIBRARIES = YES;
				CODE_SIGN_STYLE = Automatic;
				CURRENT_PROJECT_VERSION = 1;
				GENERATE_INFOPLIST_FILE = YES;
				MARKETING_VERSION = 1.0;
				PRODUCT_BUNDLE_IDENTIFIER = com.egyazilim.RotaAnkaraAppUITests;
				PRODUCT_NAME = "$(TARGET_NAME)";
				SWIFT_EMIT_LOC_STRINGS = NO;
				SWIFT_VERSION = 5.0;
				TARGETED_DEVICE_FAMILY = "1,2";
				TEST_TARGET_NAME = RotaAnkaraApp;
			};
			name = Release;
		};
/* End XCBuildConfiguration section */

/* Begin XCConfigurationList section */
		6E1811712A5FEE26007B2A39 /* Build configuration list for PBXProject "RotaAnkaraApp" */ = {
			isa = XCConfigurationList;
			buildConfigurations = (
				6E18119E2A5FEE28007B2A39 /* Debug */,
				6E18119F2A5FEE28007B2A39 /* Release */,
			);
			defaultConfigurationIsVisible = 0;
			defaultConfigurationName = Release;
		};
		6E1811A02A5FEE28007B2A39 /* Build configuration list for PBXNativeTarget "RotaAnkaraApp" */ = {
			isa = XCConfigurationList;
			buildConfigurations = (
				6E1811A12A5FEE28007B2A39 /* Debug */,
				6E1811A22A5FEE28007B2A39 /* Release */,
			);
			defaultConfigurationIsVisible = 0;
			defaultConfigurationName = Release;
		};
		6E1811A32A5FEE28007B2A39 /* Build configuration list for PBXNativeTarget "RotaAnkaraAppTests" */ = {
			isa = XCConfigurationList;
			buildConfigurations = (
				6E1811A42A5FEE28007B2A39 /* Debug */,
				6E1811A52A5FEE28007B2A39 /* Release */,
			);
			defaultConfigurationIsVisible = 0;
			defaultConfigurationName = Release;
		};
		6E1811A62A5FEE28007B2A39 /* Build configuration list for PBXNativeTarget "RotaAnkaraAppUITests" */ = {
			isa = XCConfigurationList;
			buildConfigurations = (
				6E1811A72A5FEE28007B2A39 /* Debug */,
				6E1811A82A5FEE28007B2A39 /* Release */,
			);
			defaultConfigurationIsVisible = 0;
			defaultConfigurationName = Release;
		};
/* End XCConfigurationList section */
	};
	rootObject = 6E18116E2A5FEE26007B2A39 /* Project object */;
}
